
Microsoft Visual Studio Solution File, Format Version 12.00
# Visual Studio Version 17
VisualStudioVersion = 17.0.32014.148
MinimumVisualStudioVersion = 10.0.40219.1
Project("{FAE04EC0-301F-11D3-BF4B-00C04F79EFBC}") = "TestCases", "TestCases\TestCases.csproj", "{A969CB2E-65DC-4D47-8A57-8A82B0790471}"
EndProject
Project("{FAE04EC0-301F-11D3-BF4B-00C04F79EFBC}") = "MyTestProject", "MyTestProject\MyTestProject.csproj", "{E379A152-5F5B-44AC-98A0-DD6BA8FECF61}"
EndProject
Global
	GlobalSection(SolutionConfigurationPlatforms) = preSolution
		Debug|Any CPU = Debug|Any CPU
		Release|Any CPU = Release|Any CPU
	EndGlobalSection
	GlobalSection(ProjectConfigurationPlatforms) = postSolution
		{A969CB2E-65DC-4D47-8A57-8A82B0790471}.Debug|Any CPU.ActiveCfg = Debug|Any CPU
		{A969CB2E-65DC-4D47-8A57-8A82B0790471}.Debug|Any CPU.Build.0 = Debug|Any CPU
		{A969CB2E-65DC-4D47-8A57-8A82B0790471}.Release|Any CPU.ActiveCfg = Release|Any CPU
		{A969CB2E-65DC-4D47-8A57-8A82B0790471}.Release|Any CPU.Build.0 = Release|Any CPU
		{E379A152-5F5B-44AC-98A0-DD6BA8FECF61}.Debug|Any CPU.ActiveCfg = Debug|Any CPU
		{E379A152-5F5B-44AC-98A0-DD6BA8FECF61}.Debug|Any CPU.Build.0 = Debug|Any CPU
		{E379A152-5F5B-44AC-98A0-DD6BA8FECF61}.Release|Any CPU.ActiveCfg = Release|Any CPU
		{E379A152-5F5B-44AC-98A0-DD6BA8FECF61}.Release|Any CPU.Build.0 = Release|Any CPU
	EndGlobalSection
	GlobalSection(SolutionProperties) = preSolution
		HideSolutionNode = FALSE
	EndGlobalSection
	GlobalSection(ExtensibilityGlobals) = postSolution
		SolutionGuid = {C866C56E-FDC5-4926-B70E-A5E66F02A664}
	EndGlobalSection
EndGlobal
